
Microsoft Visual Studio Solution File, Format Version 12.00
# Visual Studio Version 17
VisualStudioVersion = 17.5.33516.290
MinimumVisualStudioVersion = 10.0.40219.1
Project("{9A19103F-16F7-4668-BE54-9A1E7A4F7556}") = "EmployeeManagerFactory.console", "EmployeeManagerFactory.console\EmployeeManagerFactory.console.csproj", "{F620E463-98CC-4DEB-8EF5-2C61BD81202D}"
EndProject
Project("{9A19103F-16F7-4668-BE54-9A1E7A4F7556}") = "EmployeeFactoryMethod", "EmployeeFactoryMethod\EmployeeFactoryMethod.csproj", "{E88F3961-2A2B-4762-B382-A345F280A883}"
EndProject
Project("{9A19103F-16F7-4668-BE54-9A1E7A4F7556}") = "CardFactoryMethod.console", "CardMethod\CardFactoryMethod.console.csproj", "{E62BA894-C281-4C4A-B508-900399E939B2}"
EndProject
Project("{9A19103F-16F7-4668-BE54-9A1E7A4F7556}") = "BuilderPattern", "BuilderPattern\BuilderPattern.csproj", "{6814623A-23B3-448A-B391-5E65CBA7BDA3}"
EndProject
Project("{9A19103F-16F7-4668-BE54-9A1E7A4F7556}") = "AbstractFactory", "AbstractFactory\AbstractFactory.csproj", "{ACD517D4-49BA-4E24-B8A1-44800F89B8DD}"
EndProject
Project("{9A19103F-16F7-4668-BE54-9A1E7A4F7556}") = "PrototypePattern", "PrototypePattern\PrototypePattern.csproj", "{59FCEE08-5E08-4DB6-AD7E-137F0824D61C}"
EndProject
Project("{FAE04EC0-301F-11D3-BF4B-00C04F79EFBC}") = "AdapterPattern", "AdapterPattern\AdapterPattern.csproj", "{BD201129-6F47-43D1-B4AF-F0812FEC3064}"
EndProject
Project("{FAE04EC0-301F-11D3-BF4B-00C04F79EFBC}") = "BridgePattern", "BridgePattern\BridgePattern.csproj", "{CF9E972F-73D8-4437-AA53-0BECD5E0FBEC}"
EndProject
Global
	GlobalSection(SolutionConfigurationPlatforms) = preSolution
		Debug|Any CPU = Debug|Any CPU
		Release|Any CPU = Release|Any CPU
	EndGlobalSection
	GlobalSection(ProjectConfigurationPlatforms) = postSolution
		{F620E463-98CC-4DEB-8EF5-2C61BD81202D}.Debug|Any CPU.ActiveCfg = Debug|Any CPU
		{F620E463-98CC-4DEB-8EF5-2C61BD81202D}.Debug|Any CPU.Build.0 = Debug|Any CPU
		{F620E463-98CC-4DEB-8EF5-2C61BD81202D}.Release|Any CPU.ActiveCfg = Release|Any CPU
		{F620E463-98CC-4DEB-8EF5-2C61BD81202D}.Release|Any CPU.Build.0 = Release|Any CPU
		{E88F3961-2A2B-4762-B382-A345F280A883}.Debug|Any CPU.ActiveCfg = Debug|Any CPU
		{E88F3961-2A2B-4762-B382-A345F280A883}.Debug|Any CPU.Build.0 = Debug|Any CPU
		{E88F3961-2A2B-4762-B382-A345F280A883}.Release|Any CPU.ActiveCfg = Release|Any CPU
		{E88F3961-2A2B-4762-B382-A345F280A883}.Release|Any CPU.Build.0 = Release|Any CPU
		{E62BA894-C281-4C4A-B508-900399E939B2}.Debug|Any CPU.ActiveCfg = Debug|Any CPU
		{E62BA894-C281-4C4A-B508-900399E939B2}.Debug|Any CPU.Build.0 = Debug|Any CPU
		{E62BA894-C281-4C4A-B508-900399E939B2}.Release|Any CPU.ActiveCfg = Release|Any CPU
		{E62BA894-C281-4C4A-B508-900399E939B2}.Release|Any CPU.Build.0 = Release|Any CPU
		{6814623A-23B3-448A-B391-5E65CBA7BDA3}.Debug|Any CPU.ActiveCfg = Debug|Any CPU
		{6814623A-23B3-448A-B391-5E65CBA7BDA3}.Debug|Any CPU.Build.0 = Debug|Any CPU
		{6814623A-23B3-448A-B391-5E65CBA7BDA3}.Release|Any CPU.ActiveCfg = Release|Any CPU
		{6814623A-23B3-448A-B391-5E65CBA7BDA3}.Release|Any CPU.Build.0 = Release|Any CPU
		{ACD517D4-49BA-4E24-B8A1-44800F89B8DD}.Debug|Any CPU.ActiveCfg = Debug|Any CPU
		{ACD517D4-49BA-4E24-B8A1-44800F89B8DD}.Debug|Any CPU.Build.0 = Debug|Any CPU
		{ACD517D4-49BA-4E24-B8A1-44800F89B8DD}.Release|Any CPU.ActiveCfg = Release|Any CPU
		{ACD517D4-49BA-4E24-B8A1-44800F89B8DD}.Release|Any CPU.Build.0 = Release|Any CPU
		{59FCEE08-5E08-4DB6-AD7E-137F0824D61C}.Debug|Any CPU.ActiveCfg = Debug|Any CPU
		{59FCEE08-5E08-4DB6-AD7E-137F0824D61C}.Debug|Any CPU.Build.0 = Debug|Any CPU
		{59FCEE08-5E08-4DB6-AD7E-137F0824D61C}.Release|Any CPU.ActiveCfg = Release|Any CPU
		{59FCEE08-5E08-4DB6-AD7E-137F0824D61C}.Release|Any CPU.Build.0 = Release|Any CPU
		{BD201129-6F47-43D1-B4AF-F0812FEC3064}.Debug|Any CPU.ActiveCfg = Debug|Any CPU
		{BD201129-6F47-43D1-B4AF-F0812FEC3064}.Debug|Any CPU.Build.0 = Debug|Any CPU
		{BD201129-6F47-43D1-B4AF-F0812FEC3064}.Release|Any CPU.ActiveCfg = Release|Any CPU
		{BD201129-6F47-43D1-B4AF-F0812FEC3064}.Release|Any CPU.Build.0 = Release|Any CPU
		{CF9E972F-73D8-4437-AA53-0BECD5E0FBEC}.Debug|Any CPU.ActiveCfg = Debug|Any CPU
		{CF9E972F-73D8-4437-AA53-0BECD5E0FBEC}.Debug|Any CPU.Build.0 = Debug|Any CPU
		{CF9E972F-73D8-4437-AA53-0BECD5E0FBEC}.Release|Any CPU.ActiveCfg = Release|Any CPU
		{CF9E972F-73D8-4437-AA53-0BECD5E0FBEC}.Release|Any CPU.Build.0 = Release|Any CPU
	EndGlobalSection
	GlobalSection(SolutionProperties) = preSolution
		HideSolutionNode = FALSE
	EndGlobalSection
	GlobalSection(ExtensibilityGlobals) = postSolution
		SolutionGuid = {54C1F18B-8F19-45F6-A176-8EE3E842024E}
	EndGlobalSection
EndGlobal
