
Microsoft Visual Studio Solution File, Format Version 12.00
# Visual Studio Version 17
VisualStudioVersion = 17.5.33516.290
MinimumVisualStudioVersion = 10.0.40219.1
Project("{9A19103F-16F7-4668-BE54-9A1E7A4F7556}") = "CardFactoryMethod.console", "CardFactoryMethod.console.csproj", "{A09515C8-A4C3-43E9-B96E-2C74185FF7B1}"
EndProject
Project("{9A19103F-16F7-4668-BE54-9A1E7A4F7556}") = "EmployeeFactoryMethod", "..\EmployeeFactoryMethod\EmployeeFactoryMethod.csproj", "{40F8EBF4-EF04-409A-8168-263BCD191909}"
EndProject
Project("{9A19103F-16F7-4668-BE54-9A1E7A4F7556}") = "EmployeeManagerFactory.console", "..\EmployeeManagerFactory.console\EmployeeManagerFactory.console.csproj", "{78FADE69-E5D0-4499-AC15-4C2B609ACCC9}"
EndProject
Project("{FAE04EC0-301F-11D3-BF4B-00C04F79EFBC}") = "AbstractFactory", "..\AbstractFactory\AbstractFactory.csproj", "{822F6329-1674-493F-9789-CD00C2E5519C}"
EndProject
Project("{FAE04EC0-301F-11D3-BF4B-00C04F79EFBC}") = "BuilderPattern", "..\BuilderPattern\BuilderPattern.csproj", "{616CB27E-E437-436C-AA1E-554360C29684}"
EndProject
Global
	GlobalSection(SolutionConfigurationPlatforms) = preSolution
		Debug|Any CPU = Debug|Any CPU
		Release|Any CPU = Release|Any CPU
	EndGlobalSection
	GlobalSection(ProjectConfigurationPlatforms) = postSolution
		{A09515C8-A4C3-43E9-B96E-2C74185FF7B1}.Debug|Any CPU.ActiveCfg = Debug|Any CPU
		{A09515C8-A4C3-43E9-B96E-2C74185FF7B1}.Debug|Any CPU.Build.0 = Debug|Any CPU
		{A09515C8-A4C3-43E9-B96E-2C74185FF7B1}.Release|Any CPU.ActiveCfg = Release|Any CPU
		{A09515C8-A4C3-43E9-B96E-2C74185FF7B1}.Release|Any CPU.Build.0 = Release|Any CPU
		{40F8EBF4-EF04-409A-8168-263BCD191909}.Debug|Any CPU.ActiveCfg = Debug|Any CPU
		{40F8EBF4-EF04-409A-8168-263BCD191909}.Debug|Any CPU.Build.0 = Debug|Any CPU
		{40F8EBF4-EF04-409A-8168-263BCD191909}.Release|Any CPU.ActiveCfg = Release|Any CPU
		{40F8EBF4-EF04-409A-8168-263BCD191909}.Release|Any CPU.Build.0 = Release|Any CPU
		{78FADE69-E5D0-4499-AC15-4C2B609ACCC9}.Debug|Any CPU.ActiveCfg = Debug|Any CPU
		{78FADE69-E5D0-4499-AC15-4C2B609ACCC9}.Debug|Any CPU.Build.0 = Debug|Any CPU
		{78FADE69-E5D0-4499-AC15-4C2B609ACCC9}.Release|Any CPU.ActiveCfg = Release|Any CPU
		{78FADE69-E5D0-4499-AC15-4C2B609ACCC9}.Release|Any CPU.Build.0 = Release|Any CPU
		{822F6329-1674-493F-9789-CD00C2E5519C}.Debug|Any CPU.ActiveCfg = Debug|Any CPU
		{822F6329-1674-493F-9789-CD00C2E5519C}.Debug|Any CPU.Build.0 = Debug|Any CPU
		{822F6329-1674-493F-9789-CD00C2E5519C}.Release|Any CPU.ActiveCfg = Release|Any CPU
		{822F6329-1674-493F-9789-CD00C2E5519C}.Release|Any CPU.Build.0 = Release|Any CPU
		{616CB27E-E437-436C-AA1E-554360C29684}.Debug|Any CPU.ActiveCfg = Debug|Any CPU
		{616CB27E-E437-436C-AA1E-554360C29684}.Debug|Any CPU.Build.0 = Debug|Any CPU
		{616CB27E-E437-436C-AA1E-554360C29684}.Release|Any CPU.ActiveCfg = Release|Any CPU
		{616CB27E-E437-436C-AA1E-554360C29684}.Release|Any CPU.Build.0 = Release|Any CPU
	EndGlobalSection
	GlobalSection(SolutionProperties) = preSolution
		HideSolutionNode = FALSE
	EndGlobalSection
	GlobalSection(ExtensibilityGlobals) = postSolution
		SolutionGuid = {54C1F18B-8F19-45F6-A176-8EE3E842024E}
	EndGlobalSection
EndGlobal
